
Microsoft Visual Studio Solution File, Format Version 12.00
# Visual Studio 15
VisualStudioVersion = 15.0.28307.1267
MinimumVisualStudioVersion = 10.0.40219.1
Project("{FAE04EC0-301F-11D3-BF4B-00C04F79EFBC}") = "CSRedis", "CSRedis\CSRedis.csproj", "{D35E185E-A7E1-41E1-846C-21944F56074F}"
EndProject
Project("{FAE04EC0-301F-11D3-BF4B-00C04F79EFBC}") = "Runbow.TWS.Web", "Rumbow.TWS.Web\Runbow.TWS.Web.csproj", "{9B602918-8A8A-4375-9A7D-6B7BB7239DDE}"
EndProject
Project("{FAE04EC0-301F-11D3-BF4B-00C04F79EFBC}") = "Runbow.TWS.MessageContracts", "Runbow.TMS.MessageContracts\Runbow.TWS.MessageContracts.csproj", "{16F15667-9682-4D12-8780-DB1173E5A678}"
EndProject
Project("{FAE04EC0-301F-11D3-BF4B-00C04F79EFBC}") = "Runbow.TWS.Biz", "Runbow.TWS.Biz\Runbow.TWS.Biz.csproj", "{DD71DE39-7B30-49C6-858B-1806F9E64DD5}"
EndProject
Project("{FAE04EC0-301F-11D3-BF4B-00C04F79EFBC}") = "Runbow.TWS.Common", "Runbow.TWS.Common\Runbow.TWS.Common.csproj", "{A8DE5D57-C805-44C0-955A-79995E3B2466}"
EndProject
Project("{FAE04EC0-301F-11D3-BF4B-00C04F79EFBC}") = "Runbow.TWS.Dao", "Runbow.TWS.Dao\Runbow.TWS.Dao.csproj", "{082B9765-9B82-4316-9252-9A921D29EFA8}"
EndProject
Project("{FAE04EC0-301F-11D3-BF4B-00C04F79EFBC}") = "Runbow.TWS.Entity", "Runbow.TWS.Entity\Runbow.TWS.Entity.csproj", "{99059584-B657-4BAF-8D7A-1160879646DA}"
EndProject
Project("{FAE04EC0-301F-11D3-BF4B-00C04F79EFBC}") = "Runbow.TWS.Exceptions", "Runbow.TWS.Exceptions\Runbow.TWS.Exceptions.csproj", "{5631BAD9-3FF0-443D-B92A-54F7C6AD7E39}"
EndProject
Project("{FAE04EC0-301F-11D3-BF4B-00C04F79EFBC}") = "Runbow.TWS.Gadget", "Runbow.TWS.Gadget\Runbow.TWS.Gadget.csproj", "{9901E090-298B-4E7D-8199-FDE1BA119ACB}"
EndProject
Project("{FAE04EC0-301F-11D3-BF4B-00C04F79EFBC}") = "Runbow.TWS.Logger", "Runbow.TWS.Logger\Runbow.TWS.Logger.csproj", "{37EFDA4C-1121-44D6-BB19-475F26B0AE1B}"
EndProject
Project("{FAE04EC0-301F-11D3-BF4B-00C04F79EFBC}") = "Runbow.TWS.LogisticsReport", "Runbow.TWS.LogisticsReport\Runbow.TWS.LogisticsReport.csproj", "{EE29EC2C-B6C2-4B49-A0B7-EE31CE766730}"
EndProject
Project("{FAE04EC0-301F-11D3-BF4B-00C04F79EFBC}") = "Runbow.TWS.RFScan", "Runbow.TWS.RFScan\Runbow.TWS.RFScan.csproj", "{251328C1-8713-4E33-B3B5-62E2DBAC729E}"
EndProject
Project("{FAE04EC0-301F-11D3-BF4B-00C04F79EFBC}") = "NikeGetB2COrder", "NikeGetB2COrder\NikeGetB2COrder.csproj", "{3C080084-DCA9-4FE3-833B-DED868AEEA58}"
EndProject
Project("{FAE04EC0-301F-11D3-BF4B-00C04F79EFBC}") = "RunBow.TWS.WebScoket", "RunBow.TWS.WebScoket\RunBow.TWS.WebScoket.csproj", "{FBF8044E-595B-4BCC-B8F6-41482BEF7950}"
EndProject
Project("{FAE04EC0-301F-11D3-BF4B-00C04F79EFBC}") = "NikeReturnSFTP", "NikeReturnSFTP\NikeReturnSFTP.csproj", "{96208BAB-A091-4A04-9985-754EBB52484A}"
EndProject
Project("{FAE04EC0-301F-11D3-BF4B-00C04F79EFBC}") = "HBWMS.WXApp", "HBWMS.WXApp\HBWMS.WXApp.csproj", "{58B3F3DA-3B3B-45BE-A50A-50AEE3DF037E}"
EndProject
Project("{FAE04EC0-301F-11D3-BF4B-00C04F79EFBC}") = "ExpressAPI", "ExpressAPI\ExpressAPI.csproj", "{1E538E7E-56B4-4F86-8BE1-CE4C946BC436}"
EndProject
Global
	GlobalSection(SolutionConfigurationPlatforms) = preSolution
		Debug|Any CPU = Debug|Any CPU
		Debug|x64 = Debug|x64
		Debug|x86 = Debug|x86
		Release|Any CPU = Release|Any CPU
		Release|x64 = Release|x64
		Release|x86 = Release|x86
	EndGlobalSection
	GlobalSection(ProjectConfigurationPlatforms) = postSolution
		{D35E185E-A7E1-41E1-846C-21944F56074F}.Debug|Any CPU.ActiveCfg = Debug|Any CPU
		{D35E185E-A7E1-41E1-846C-21944F56074F}.Debug|Any CPU.Build.0 = Debug|Any CPU
		{D35E185E-A7E1-41E1-846C-21944F56074F}.Debug|x64.ActiveCfg = Debug|x64
		{D35E185E-A7E1-41E1-846C-21944F56074F}.Debug|x64.Build.0 = Debug|x64
		{D35E185E-A7E1-41E1-846C-21944F56074F}.Debug|x86.ActiveCfg = Debug|Any CPU
		{D35E185E-A7E1-41E1-846C-21944F56074F}.Debug|x86.Build.0 = Debug|Any CPU
		{D35E185E-A7E1-41E1-846C-21944F56074F}.Release|Any CPU.ActiveCfg = Release|Any CPU
		{D35E185E-A7E1-41E1-846C-21944F56074F}.Release|Any CPU.Build.0 = Release|Any CPU
		{D35E185E-A7E1-41E1-846C-21944F56074F}.Release|x64.ActiveCfg = Release|x64
		{D35E185E-A7E1-41E1-846C-21944F56074F}.Release|x64.Build.0 = Release|x64
		{D35E185E-A7E1-41E1-846C-21944F56074F}.Release|x86.ActiveCfg = Release|Any CPU
		{D35E185E-A7E1-41E1-846C-21944F56074F}.Release|x86.Build.0 = Release|Any CPU
		{9B602918-8A8A-4375-9A7D-6B7BB7239DDE}.Debug|Any CPU.ActiveCfg = Debug|Any CPU
		{9B602918-8A8A-4375-9A7D-6B7BB7239DDE}.Debug|Any CPU.Build.0 = Debug|Any CPU
		{9B602918-8A8A-4375-9A7D-6B7BB7239DDE}.Debug|x64.ActiveCfg = Debug|x64
		{9B602918-8A8A-4375-9A7D-6B7BB7239DDE}.Debug|x64.Build.0 = Debug|x64
		{9B602918-8A8A-4375-9A7D-6B7BB7239DDE}.Debug|x86.ActiveCfg = Debug|x86
		{9B602918-8A8A-4375-9A7D-6B7BB7239DDE}.Debug|x86.Build.0 = Debug|x86
		{9B602918-8A8A-4375-9A7D-6B7BB7239DDE}.Release|Any CPU.ActiveCfg = Release|Any CPU
		{9B602918-8A8A-4375-9A7D-6B7BB7239DDE}.Release|Any CPU.Build.0 = Release|Any CPU
		{9B602918-8A8A-4375-9A7D-6B7BB7239DDE}.Release|x64.ActiveCfg = Release|x64
		{9B602918-8A8A-4375-9A7D-6B7BB7239DDE}.Release|x64.Build.0 = Release|x64
		{9B602918-8A8A-4375-9A7D-6B7BB7239DDE}.Release|x86.ActiveCfg = Release|x86
		{9B602918-8A8A-4375-9A7D-6B7BB7239DDE}.Release|x86.Build.0 = Release|x86
		{16F15667-9682-4D12-8780-DB1173E5A678}.Debug|Any CPU.ActiveCfg = Debug|Any CPU
		{16F15667-9682-4D12-8780-DB1173E5A678}.Debug|Any CPU.Build.0 = Debug|Any CPU
		{16F15667-9682-4D12-8780-DB1173E5A678}.Debug|x64.ActiveCfg = Debug|x64
		{16F15667-9682-4D12-8780-DB1173E5A678}.Debug|x64.Build.0 = Debug|x64
		{16F15667-9682-4D12-8780-DB1173E5A678}.Debug|x86.ActiveCfg = Debug|x86
		{16F15667-9682-4D12-8780-DB1173E5A678}.Debug|x86.Build.0 = Debug|x86
		{16F15667-9682-4D12-8780-DB1173E5A678}.Release|Any CPU.ActiveCfg = Release|Any CPU
		{16F15667-9682-4D12-8780-DB1173E5A678}.Release|Any CPU.Build.0 = Release|Any CPU
		{16F15667-9682-4D12-8780-DB1173E5A678}.Release|x64.ActiveCfg = Release|x64
		{16F15667-9682-4D12-8780-DB1173E5A678}.Release|x64.Build.0 = Release|x64
		{16F15667-9682-4D12-8780-DB1173E5A678}.Release|x86.ActiveCfg = Release|x86
		{16F15667-9682-4D12-8780-DB1173E5A678}.Release|x86.Build.0 = Release|x86
		{DD71DE39-7B30-49C6-858B-1806F9E64DD5}.Debug|Any CPU.ActiveCfg = Debug|Any CPU
		{DD71DE39-7B30-49C6-858B-1806F9E64DD5}.Debug|Any CPU.Build.0 = Debug|Any CPU
		{DD71DE39-7B30-49C6-858B-1806F9E64DD5}.Debug|x64.ActiveCfg = Debug|x64
		{DD71DE39-7B30-49C6-858B-1806F9E64DD5}.Debug|x64.Build.0 = Debug|x64
		{DD71DE39-7B30-49C6-858B-1806F9E64DD5}.Debug|x86.ActiveCfg = Debug|x86
		{DD71DE39-7B30-49C6-858B-1806F9E64DD5}.Debug|x86.Build.0 = Debug|x86
		{DD71DE39-7B30-49C6-858B-1806F9E64DD5}.Release|Any CPU.ActiveCfg = Release|Any CPU
		{DD71DE39-7B30-49C6-858B-1806F9E64DD5}.Release|Any CPU.Build.0 = Release|Any CPU
		{DD71DE39-7B30-49C6-858B-1806F9E64DD5}.Release|x64.ActiveCfg = Release|x64
		{DD71DE39-7B30-49C6-858B-1806F9E64DD5}.Release|x64.Build.0 = Release|x64
		{DD71DE39-7B30-49C6-858B-1806F9E64DD5}.Release|x86.ActiveCfg = Release|x86
		{DD71DE39-7B30-49C6-858B-1806F9E64DD5}.Release|x86.Build.0 = Release|x86
		{A8DE5D57-C805-44C0-955A-79995E3B2466}.Debug|Any CPU.ActiveCfg = Debug|Any CPU
		{A8DE5D57-C805-44C0-955A-79995E3B2466}.Debug|Any CPU.Build.0 = Debug|Any CPU
		{A8DE5D57-C805-44C0-955A-79995E3B2466}.Debug|x64.ActiveCfg = Debug|x64
		{A8DE5D57-C805-44C0-955A-79995E3B2466}.Debug|x64.Build.0 = Debug|x64
		{A8DE5D57-C805-44C0-955A-79995E3B2466}.Debug|x86.ActiveCfg = Debug|x86
		{A8DE5D57-C805-44C0-955A-79995E3B2466}.Debug|x86.Build.0 = Debug|x86
		{A8DE5D57-C805-44C0-955A-79995E3B2466}.Release|Any CPU.ActiveCfg = Release|Any CPU
		{A8DE5D57-C805-44C0-955A-79995E3B2466}.Release|Any CPU.Build.0 = Release|Any CPU
		{A8DE5D57-C805-44C0-955A-79995E3B2466}.Release|x64.ActiveCfg = Release|x64
		{A8DE5D57-C805-44C0-955A-79995E3B2466}.Release|x64.Build.0 = Release|x64
		{A8DE5D57-C805-44C0-955A-79995E3B2466}.Release|x86.ActiveCfg = Release|x86
		{A8DE5D57-C805-44C0-955A-79995E3B2466}.Release|x86.Build.0 = Release|x86
		{082B9765-9B82-4316-9252-9A921D29EFA8}.Debug|Any CPU.ActiveCfg = Debug|Any CPU
		{082B9765-9B82-4316-9252-9A921D29EFA8}.Debug|Any CPU.Build.0 = Debug|Any CPU
		{082B9765-9B82-4316-9252-9A921D29EFA8}.Debug|x64.ActiveCfg = Debug|x64
		{082B9765-9B82-4316-9252-9A921D29EFA8}.Debug|x64.Build.0 = Debug|x64
		{082B9765-9B82-4316-9252-9A921D29EFA8}.Debug|x86.ActiveCfg = Debug|x86
		{082B9765-9B82-4316-9252-9A921D29EFA8}.Debug|x86.Build.0 = Debug|x86
		{082B9765-9B82-4316-9252-9A921D29EFA8}.Release|Any CPU.ActiveCfg = Release|Any CPU
		{082B9765-9B82-4316-9252-9A921D29EFA8}.Release|Any CPU.Build.0 = Release|Any CPU
		{082B9765-9B82-4316-9252-9A921D29EFA8}.Release|x64.ActiveCfg = Release|x64
		{082B9765-9B82-4316-9252-9A921D29EFA8}.Release|x64.Build.0 = Release|x64
		{082B9765-9B82-4316-9252-9A921D29EFA8}.Release|x86.ActiveCfg = Release|x86
		{082B9765-9B82-4316-9252-9A921D29EFA8}.Release|x86.Build.0 = Release|x86
		{99059584-B657-4BAF-8D7A-1160879646DA}.Debug|Any CPU.ActiveCfg = Debug|Any CPU
		{99059584-B657-4BAF-8D7A-1160879646DA}.Debug|Any CPU.Build.0 = Debug|Any CPU
		{99059584-B657-4BAF-8D7A-1160879646DA}.Debug|x64.ActiveCfg = Debug|x64
		{99059584-B657-4BAF-8D7A-1160879646DA}.Debug|x64.Build.0 = Debug|x64
		{99059584-B657-4BAF-8D7A-1160879646DA}.Debug|x86.ActiveCfg = Debug|x86
		{99059584-B657-4BAF-8D7A-1160879646DA}.Debug|x86.Build.0 = Debug|x86
		{99059584-B657-4BAF-8D7A-1160879646DA}.Release|Any CPU.ActiveCfg = Release|Any CPU
		{99059584-B657-4BAF-8D7A-1160879646DA}.Release|Any CPU.Build.0 = Release|Any CPU
		{99059584-B657-4BAF-8D7A-1160879646DA}.Release|x64.ActiveCfg = Release|x64
		{99059584-B657-4BAF-8D7A-1160879646DA}.Release|x64.Build.0 = Release|x64
		{99059584-B657-4BAF-8D7A-1160879646DA}.Release|x86.ActiveCfg = Release|x86
		{99059584-B657-4BAF-8D7A-1160879646DA}.Release|x86.Build.0 = Release|x86
		{5631BAD9-3FF0-443D-B92A-54F7C6AD7E39}.Debug|Any CPU.ActiveCfg = Debug|Any CPU
		{5631BAD9-3FF0-443D-B92A-54F7C6AD7E39}.Debug|Any CPU.Build.0 = Debug|Any CPU
		{5631BAD9-3FF0-443D-B92A-54F7C6AD7E39}.Debug|x64.ActiveCfg = Debug|x64
		{5631BAD9-3FF0-443D-B92A-54F7C6AD7E39}.Debug|x64.Build.0 = Debug|x64
		{5631BAD9-3FF0-443D-B92A-54F7C6AD7E39}.Debug|x86.ActiveCfg = Debug|x86
		{5631BAD9-3FF0-443D-B92A-54F7C6AD7E39}.Debug|x86.Build.0 = Debug|x86
		{5631BAD9-3FF0-443D-B92A-54F7C6AD7E39}.Release|Any CPU.ActiveCfg = Release|Any CPU
		{5631BAD9-3FF0-443D-B92A-54F7C6AD7E39}.Release|Any CPU.Build.0 = Release|Any CPU
		{5631BAD9-3FF0-443D-B92A-54F7C6AD7E39}.Release|x64.ActiveCfg = Release|x64
		{5631BAD9-3FF0-443D-B92A-54F7C6AD7E39}.Release|x64.Build.0 = Release|x64
		{5631BAD9-3FF0-443D-B92A-54F7C6AD7E39}.Release|x86.ActiveCfg = Release|x86
		{5631BAD9-3FF0-443D-B92A-54F7C6AD7E39}.Release|x86.Build.0 = Release|x86
		{9901E090-298B-4E7D-8199-FDE1BA119ACB}.Debug|Any CPU.ActiveCfg = Debug|Any CPU
		{9901E090-298B-4E7D-8199-FDE1BA119ACB}.Debug|Any CPU.Build.0 = Debug|Any CPU
		{9901E090-298B-4E7D-8199-FDE1BA119ACB}.Debug|x64.ActiveCfg = Debug|x64
		{9901E090-298B-4E7D-8199-FDE1BA119ACB}.Debug|x64.Build.0 = Debug|x64
		{9901E090-298B-4E7D-8199-FDE1BA119ACB}.Debug|x86.ActiveCfg = Debug|Any CPU
		{9901E090-298B-4E7D-8199-FDE1BA119ACB}.Debug|x86.Build.0 = Debug|Any CPU
		{9901E090-298B-4E7D-8199-FDE1BA119ACB}.Release|Any CPU.ActiveCfg = Release|Any CPU
		{9901E090-298B-4E7D-8199-FDE1BA119ACB}.Release|Any CPU.Build.0 = Release|Any CPU
		{9901E090-298B-4E7D-8199-FDE1BA119ACB}.Release|x64.ActiveCfg = Release|x64
		{9901E090-298B-4E7D-8199-FDE1BA119ACB}.Release|x64.Build.0 = Release|x64
		{9901E090-298B-4E7D-8199-FDE1BA119ACB}.Release|x86.ActiveCfg = Release|Any CPU
		{9901E090-298B-4E7D-8199-FDE1BA119ACB}.Release|x86.Build.0 = Release|Any CPU
		{37EFDA4C-1121-44D6-BB19-475F26B0AE1B}.Debug|Any CPU.ActiveCfg = Debug|Any CPU
		{37EFDA4C-1121-44D6-BB19-475F26B0AE1B}.Debug|Any CPU.Build.0 = Debug|Any CPU
		{37EFDA4C-1121-44D6-BB19-475F26B0AE1B}.Debug|x64.ActiveCfg = Debug|x64
		{37EFDA4C-1121-44D6-BB19-475F26B0AE1B}.Debug|x64.Build.0 = Debug|x64
		{37EFDA4C-1121-44D6-BB19-475F26B0AE1B}.Debug|x86.ActiveCfg = Debug|Any CPU
		{37EFDA4C-1121-44D6-BB19-475F26B0AE1B}.Debug|x86.Build.0 = Debug|Any CPU
		{37EFDA4C-1121-44D6-BB19-475F26B0AE1B}.Release|Any CPU.ActiveCfg = Release|Any CPU
		{37EFDA4C-1121-44D6-BB19-475F26B0AE1B}.Release|Any CPU.Build.0 = Release|Any CPU
		{37EFDA4C-1121-44D6-BB19-475F26B0AE1B}.Release|x64.ActiveCfg = Release|x64
		{37EFDA4C-1121-44D6-BB19-475F26B0AE1B}.Release|x64.Build.0 = Release|x64
		{37EFDA4C-1121-44D6-BB19-475F26B0AE1B}.Release|x86.ActiveCfg = Release|Any CPU
		{37EFDA4C-1121-44D6-BB19-475F26B0AE1B}.Release|x86.Build.0 = Release|Any CPU
		{EE29EC2C-B6C2-4B49-A0B7-EE31CE766730}.Debug|Any CPU.ActiveCfg = Debug|Any CPU
		{EE29EC2C-B6C2-4B49-A0B7-EE31CE766730}.Debug|Any CPU.Build.0 = Debug|Any CPU
		{EE29EC2C-B6C2-4B49-A0B7-EE31CE766730}.Debug|x64.ActiveCfg = Debug|x64
		{EE29EC2C-B6C2-4B49-A0B7-EE31CE766730}.Debug|x64.Build.0 = Debug|x64
		{EE29EC2C-B6C2-4B49-A0B7-EE31CE766730}.Debug|x86.ActiveCfg = Debug|Any CPU
		{EE29EC2C-B6C2-4B49-A0B7-EE31CE766730}.Debug|x86.Build.0 = Debug|Any CPU
		{EE29EC2C-B6C2-4B49-A0B7-EE31CE766730}.Release|Any CPU.ActiveCfg = Release|Any CPU
		{EE29EC2C-B6C2-4B49-A0B7-EE31CE766730}.Release|Any CPU.Build.0 = Release|Any CPU
		{EE29EC2C-B6C2-4B49-A0B7-EE31CE766730}.Release|x64.ActiveCfg = Release|x64
		{EE29EC2C-B6C2-4B49-A0B7-EE31CE766730}.Release|x64.Build.0 = Release|x64
		{EE29EC2C-B6C2-4B49-A0B7-EE31CE766730}.Release|x86.ActiveCfg = Release|Any CPU
		{EE29EC2C-B6C2-4B49-A0B7-EE31CE766730}.Release|x86.Build.0 = Release|Any CPU
		{251328C1-8713-4E33-B3B5-62E2DBAC729E}.Debug|Any CPU.ActiveCfg = Debug|Any CPU
		{251328C1-8713-4E33-B3B5-62E2DBAC729E}.Debug|Any CPU.Build.0 = Debug|Any CPU
		{251328C1-8713-4E33-B3B5-62E2DBAC729E}.Debug|x64.ActiveCfg = Debug|x64
		{251328C1-8713-4E33-B3B5-62E2DBAC729E}.Debug|x64.Build.0 = Debug|x64
		{251328C1-8713-4E33-B3B5-62E2DBAC729E}.Debug|x86.ActiveCfg = Debug|Any CPU
		{251328C1-8713-4E33-B3B5-62E2DBAC729E}.Debug|x86.Build.0 = Debug|Any CPU
		{251328C1-8713-4E33-B3B5-62E2DBAC729E}.Release|Any CPU.ActiveCfg = Release|Any CPU
		{251328C1-8713-4E33-B3B5-62E2DBAC729E}.Release|Any CPU.Build.0 = Release|Any CPU
		{251328C1-8713-4E33-B3B5-62E2DBAC729E}.Release|x64.ActiveCfg = Release|x64
		{251328C1-8713-4E33-B3B5-62E2DBAC729E}.Release|x64.Build.0 = Release|x64
		{251328C1-8713-4E33-B3B5-62E2DBAC729E}.Release|x86.ActiveCfg = Release|Any CPU
		{251328C1-8713-4E33-B3B5-62E2DBAC729E}.Release|x86.Build.0 = Release|Any CPU
		{3C080084-DCA9-4FE3-833B-DED868AEEA58}.Debug|Any CPU.ActiveCfg = Debug|Any CPU
		{3C080084-DCA9-4FE3-833B-DED868AEEA58}.Debug|Any CPU.Build.0 = Debug|Any CPU
		{3C080084-DCA9-4FE3-833B-DED868AEEA58}.Debug|x64.ActiveCfg = Debug|x64
		{3C080084-DCA9-4FE3-833B-DED868AEEA58}.Debug|x64.Build.0 = Debug|x64
		{3C080084-DCA9-4FE3-833B-DED868AEEA58}.Debug|x86.ActiveCfg = Debug|Any CPU
		{3C080084-DCA9-4FE3-833B-DED868AEEA58}.Debug|x86.Build.0 = Debug|Any CPU
		{3C080084-DCA9-4FE3-833B-DED868AEEA58}.Release|Any CPU.ActiveCfg = Release|Any CPU
		{3C080084-DCA9-4FE3-833B-DED868AEEA58}.Release|Any CPU.Build.0 = Release|Any CPU
		{3C080084-DCA9-4FE3-833B-DED868AEEA58}.Release|x64.ActiveCfg = Release|x64
		{3C080084-DCA9-4FE3-833B-DED868AEEA58}.Release|x64.Build.0 = Release|x64
		{3C080084-DCA9-4FE3-833B-DED868AEEA58}.Release|x86.ActiveCfg = Release|Any CPU
		{3C080084-DCA9-4FE3-833B-DED868AEEA58}.Release|x86.Build.0 = Release|Any CPU
		{FBF8044E-595B-4BCC-B8F6-41482BEF7950}.Debug|Any CPU.ActiveCfg = Debug|Any CPU
		{FBF8044E-595B-4BCC-B8F6-41482BEF7950}.Debug|Any CPU.Build.0 = Debug|Any CPU
		{FBF8044E-595B-4BCC-B8F6-41482BEF7950}.Debug|x64.ActiveCfg = Debug|x64
		{FBF8044E-595B-4BCC-B8F6-41482BEF7950}.Debug|x64.Build.0 = Debug|x64
		{FBF8044E-595B-4BCC-B8F6-41482BEF7950}.Debug|x86.ActiveCfg = Debug|Any CPU
		{FBF8044E-595B-4BCC-B8F6-41482BEF7950}.Debug|x86.Build.0 = Debug|Any CPU
		{FBF8044E-595B-4BCC-B8F6-41482BEF7950}.Release|Any CPU.ActiveCfg = Release|Any CPU
		{FBF8044E-595B-4BCC-B8F6-41482BEF7950}.Release|Any CPU.Build.0 = Release|Any CPU
		{FBF8044E-595B-4BCC-B8F6-41482BEF7950}.Release|x64.ActiveCfg = Release|x64
		{FBF8044E-595B-4BCC-B8F6-41482BEF7950}.Release|x64.Build.0 = Release|x64
		{FBF8044E-595B-4BCC-B8F6-41482BEF7950}.Release|x86.ActiveCfg = Release|Any CPU
		{FBF8044E-595B-4BCC-B8F6-41482BEF7950}.Release|x86.Build.0 = Release|Any CPU
		{96208BAB-A091-4A04-9985-754EBB52484A}.Debug|Any CPU.ActiveCfg = Debug|Any CPU
		{96208BAB-A091-4A04-9985-754EBB52484A}.Debug|Any CPU.Build.0 = Debug|Any CPU
		{96208BAB-A091-4A04-9985-754EBB52484A}.Debug|x64.ActiveCfg = Debug|x64
		{96208BAB-A091-4A04-9985-754EBB52484A}.Debug|x64.Build.0 = Debug|x64
		{96208BAB-A091-4A04-9985-754EBB52484A}.Debug|x86.ActiveCfg = Debug|Any CPU
		{96208BAB-A091-4A04-9985-754EBB52484A}.Debug|x86.Build.0 = Debug|Any CPU
		{96208BAB-A091-4A04-9985-754EBB52484A}.Release|Any CPU.ActiveCfg = Release|Any CPU
		{96208BAB-A091-4A04-9985-754EBB52484A}.Release|Any CPU.Build.0 = Release|Any CPU
		{96208BAB-A091-4A04-9985-754EBB52484A}.Release|x64.ActiveCfg = Release|x64
		{96208BAB-A091-4A04-9985-754EBB52484A}.Release|x64.Build.0 = Release|x64
		{96208BAB-A091-4A04-9985-754EBB52484A}.Release|x86.ActiveCfg = Release|Any CPU
		{96208BAB-A091-4A04-9985-754EBB52484A}.Release|x86.Build.0 = Release|Any CPU
		{58B3F3DA-3B3B-45BE-A50A-50AEE3DF037E}.Debug|Any CPU.ActiveCfg = Debug|Any CPU
		{58B3F3DA-3B3B-45BE-A50A-50AEE3DF037E}.Debug|Any CPU.Build.0 = Debug|Any CPU
		{58B3F3DA-3B3B-45BE-A50A-50AEE3DF037E}.Debug|x64.ActiveCfg = Debug|Any CPU
		{58B3F3DA-3B3B-45BE-A50A-50AEE3DF037E}.Debug|x64.Build.0 = Debug|Any CPU
		{58B3F3DA-3B3B-45BE-A50A-50AEE3DF037E}.Debug|x86.ActiveCfg = Debug|Any CPU
		{58B3F3DA-3B3B-45BE-A50A-50AEE3DF037E}.Debug|x86.Build.0 = Debug|Any CPU
		{58B3F3DA-3B3B-45BE-A50A-50AEE3DF037E}.Release|Any CPU.ActiveCfg = Release|Any CPU
		{58B3F3DA-3B3B-45BE-A50A-50AEE3DF037E}.Release|Any CPU.Build.0 = Release|Any CPU
		{58B3F3DA-3B3B-45BE-A50A-50AEE3DF037E}.Release|x64.ActiveCfg = Release|Any CPU
		{58B3F3DA-3B3B-45BE-A50A-50AEE3DF037E}.Release|x64.Build.0 = Release|Any CPU
		{58B3F3DA-3B3B-45BE-A50A-50AEE3DF037E}.Release|x86.ActiveCfg = Release|Any CPU
		{58B3F3DA-3B3B-45BE-A50A-50AEE3DF037E}.Release|x86.Build.0 = Release|Any CPU
		{1E538E7E-56B4-4F86-8BE1-CE4C946BC436}.Debug|Any CPU.ActiveCfg = Debug|Any CPU
		{1E538E7E-56B4-4F86-8BE1-CE4C946BC436}.Debug|Any CPU.Build.0 = Debug|Any CPU
		{1E538E7E-56B4-4F86-8BE1-CE4C946BC436}.Debug|x64.ActiveCfg = Debug|Any CPU
		{1E538E7E-56B4-4F86-8BE1-CE4C946BC436}.Debug|x64.Build.0 = Debug|Any CPU
		{1E538E7E-56B4-4F86-8BE1-CE4C946BC436}.Debug|x86.ActiveCfg = Debug|Any CPU
		{1E538E7E-56B4-4F86-8BE1-CE4C946BC436}.Debug|x86.Build.0 = Debug|Any CPU
		{1E538E7E-56B4-4F86-8BE1-CE4C946BC436}.Release|Any CPU.ActiveCfg = Release|Any CPU
		{1E538E7E-56B4-4F86-8BE1-CE4C946BC436}.Release|Any CPU.Build.0 = Release|Any CPU
		{1E538E7E-56B4-4F86-8BE1-CE4C946BC436}.Release|x64.ActiveCfg = Release|Any CPU
		{1E538E7E-56B4-4F86-8BE1-CE4C946BC436}.Release|x64.Build.0 = Release|Any CPU
		{1E538E7E-56B4-4F86-8BE1-CE4C946BC436}.Release|x86.ActiveCfg = Release|Any CPU
		{1E538E7E-56B4-4F86-8BE1-CE4C946BC436}.Release|x86.Build.0 = Release|Any CPU
	EndGlobalSection
	GlobalSection(SolutionProperties) = preSolution
		HideSolutionNode = FALSE
	EndGlobalSection
	GlobalSection(ExtensibilityGlobals) = postSolution
		SolutionGuid = {CD7E47B3-968C-469A-86FE-55E041F47F12}
	EndGlobalSection
EndGlobal
